# THIS IS AN AUTOGENERATED FILE. DO NOT EDIT THIS FILE DIRECTLY.
# yarn lockfile v1


"@ungap/promise-all-settled@1.1.2":
  version "1.1.2"
  resolved "https://registry.npm.taobao.org/@ungap/promise-all-settled/download/@ungap/promise-all-settled-1.1.2.tgz#aa58042711d6e3275dd37dc597e5d31e8c290a44"
  integrity sha1-qlgEJxHW4ydd033Fl+XTHowpCkQ=

ajv@^6.12.3:
  version "6.12.6"
  resolved "https://registry.npm.taobao.org/ajv/download/ajv-6.12.6.tgz?cache=0&sync_timestamp=1617260941974&other_urls=https%3A%2F%2Fregistry.npm.taobao.org%2Fajv%2Fdownload%2Fajv-6.12.6.tgz#baf5a62e802b07d977034586f8c3baf5adf26df4"
  integrity sha1-uvWmLoArB9l3A0WG+MO69a3ybfQ=
  dependencies:
    fast-deep-equal "^3.1.1"
    fast-json-stable-stringify "^2.0.0"
    json-schema-traverse "^0.4.1"
    uri-js "^4.2.2"

ansi-colors@4.1.1:
  version "4.1.1"
  resolved "https://registry.npm.taobao.org/ansi-colors/download/ansi-colors-4.1.1.tgz#cbb9ae256bf750af1eab344f229aa27fe94ba348"
  integrity sha1-y7muJWv3UK8eqzRPIpqif+lLo0g=

ansi-regex@^3.0.0:
  version "3.0.0"
  resolved "https://registry.npm.taobao.org/ansi-regex/download/ansi-regex-3.0.0.tgz#ed0317c322064f79466c02966bddb605ab37d998"
  integrity sha1-7QMXwyIGT3lGbAKWa922Bas32Zg=

ansi-regex@^5.0.0:
  version "5.0.0"
  resolved "https://registry.npm.taobao.org/ansi-regex/download/ansi-regex-5.0.0.tgz#388539f55179bf39339c81af30a654d69f87cb75"
  integrity sha1-OIU59VF5vzkznIGvMKZU1p+Hy3U=

ansi-styles@^4.0.0, ansi-styles@^4.1.0:
  version "4.3.0"
  resolved "https://registry.npm.taobao.org/ansi-styles/download/ansi-styles-4.3.0.tgz?cache=0&sync_timestamp=1617175626374&other_urls=https%3A%2F%2Fregistry.npm.taobao.org%2Fansi-styles%2Fdownload%2Fansi-styles-4.3.0.tgz#edd803628ae71c04c85ae7a0906edad34b648937"
  integrity sha1-7dgDYornHATIWuegkG7a00tkiTc=
  dependencies:
    color-convert "^2.0.1"

anymatch@~3.1.1:
  version "3.1.1"
  resolved "https://registry.npm.taobao.org/anymatch/download/anymatch-3.1.1.tgz#c55ecf02185e2469259399310c173ce31233b142"
  integrity sha1-xV7PAhheJGklk5kxDBc84xIzsUI=
  dependencies:
    normalize-path "^3.0.0"
    picomatch "^2.0.4"

argparse@^2.0.1:
  version "2.0.1"
  resolved "https://registry.npm.taobao.org/argparse/download/argparse-2.0.1.tgz#246f50f3ca78a3240f6c997e8a9bd1eac49e4b38"
  integrity sha1-JG9Q88p4oyQPbJl+ipvR6sSeSzg=

asn1@~0.2.3:
  version "0.2.4"
  resolved "https://registry.npm.taobao.org/asn1/download/asn1-0.2.4.tgz#8d2475dfab553bb33e77b54e59e880bb8ce23136"
  integrity sha1-jSR136tVO7M+d7VOWeiAu4ziMTY=
  dependencies:
    safer-buffer "~2.1.0"

assert-plus@1.0.0, assert-plus@^1.0.0:
  version "1.0.0"
  resolved "https://registry.npm.taobao.org/assert-plus/download/assert-plus-1.0.0.tgz#f12e0f3c5d77b0b1cdd9146942e4e96c1e4dd525"
  integrity sha1-8S4PPF13sLHN2RRpQuTpbB5N1SU=

asynckit@^0.4.0:
  version "0.4.0"
  resolved "https://registry.npm.taobao.org/asynckit/download/asynckit-0.4.0.tgz#c79ed97f7f34cb8f2ba1bc9790bcc366474b4b79"
  integrity sha1-x57Zf380y48robyXkLzDZkdLS3k=

aws-sign2@~0.7.0:
  version "0.7.0"
  resolved "https://registry.npm.taobao.org/aws-sign2/download/aws-sign2-0.7.0.tgz#b46e890934a9591f2d2f6f86d7e6a9f1b3fe76a8"
  integrity sha1-tG6JCTSpWR8tL2+G1+ap8bP+dqg=

aws4@^1.8.0:
  version "1.11.0"
  resolved "https://registry.npm.taobao.org/aws4/download/aws4-1.11.0.tgz?cache=0&sync_timestamp=1604101166484&other_urls=https%3A%2F%2Fregistry.npm.taobao.org%2Faws4%2Fdownload%2Faws4-1.11.0.tgz#d61f46d83b2519250e2784daf5b09479a8b41c59"
  integrity sha1-1h9G2DslGSUOJ4Ta9bCUeai0HFk=

balanced-match@^1.0.0:
  version "1.0.0"
  resolved "https://registry.npm.taobao.org/balanced-match/download/balanced-match-1.0.0.tgz#89b4d199ab2bee49de164ea02b89ce462d71b767"
  integrity sha1-ibTRmasr7kneFk6gK4nORi1xt2c=

bcrypt-pbkdf@^1.0.0:
  version "1.0.2"
  resolved "https://registry.npm.taobao.org/bcrypt-pbkdf/download/bcrypt-pbkdf-1.0.2.tgz#a4301d389b6a43f9b67ff3ca11a3f6637e360e9e"
  integrity sha1-pDAdOJtqQ/m2f/PKEaP2Y342Dp4=
  dependencies:
    tweetnacl "^0.14.3"

binary-extensions@^2.0.0:
  version "2.2.0"
  resolved "https://registry.npm.taobao.org/binary-extensions/download/binary-extensions-2.2.0.tgz?cache=0&sync_timestamp=1610299373298&other_urls=https%3A%2F%2Fregistry.npm.taobao.org%2Fbinary-extensions%2Fdownload%2Fbinary-extensions-2.2.0.tgz#75f502eeaf9ffde42fc98829645be4ea76bd9e2d"
  integrity sha1-dfUC7q+f/eQvyYgpZFvk6na9ni0=

brace-expansion@^1.1.7:
  version "1.1.11"
  resolved "https://registry.npm.taobao.org/brace-expansion/download/brace-expansion-1.1.11.tgz?cache=0&sync_timestamp=1614010713935&other_urls=https%3A%2F%2Fregistry.npm.taobao.org%2Fbrace-expansion%2Fdownload%2Fbrace-expansion-1.1.11.tgz#3c7fcbf529d87226f3d2f52b966ff5271eb441dd"
  integrity sha1-PH/L9SnYcibz0vUrlm/1Jx60Qd0=
  dependencies:
    balanced-match "^1.0.0"
    concat-map "0.0.1"

braces@~3.0.2:
  version "3.0.2"
  resolved "https://registry.npm.taobao.org/braces/download/braces-3.0.2.tgz#3454e1a462ee8d599e236df336cd9ea4f8afe107"
  integrity sha1-NFThpGLujVmeI23zNs2epPiv4Qc=
  dependencies:
    fill-range "^7.0.1"

browser-stdout@1.3.1:
  version "1.3.1"
  resolved "https://registry.npm.taobao.org/browser-stdout/download/browser-stdout-1.3.1.tgz#baa559ee14ced73452229bad7326467c61fabd60"
  integrity sha1-uqVZ7hTO1zRSIputcyZGfGH6vWA=

camelcase@^6.0.0:
  version "6.2.0"
  resolved "https://registry.npm.taobao.org/camelcase/download/camelcase-6.2.0.tgz#924af881c9d525ac9d87f40d964e5cea982a1809"
  integrity sha1-kkr4gcnVJaydh/QNlk5c6pgqGAk=

caseless@~0.12.0:
  version "0.12.0"
  resolved "https://registry.npm.taobao.org/caseless/download/caseless-0.12.0.tgz#1b681c21ff84033c826543090689420d187151dc"
  integrity sha1-G2gcIf+EAzyCZUMJBolCDRhxUdw=

chalk@^4.0.0:
  version "4.1.0"
  resolved "https://registry.npm.taobao.org/chalk/download/chalk-4.1.0.tgz#4e14870a618d9e2edd97dd8345fd9d9dc315646a"
  integrity sha1-ThSHCmGNni7dl92DRf2dncMVZGo=
  dependencies:
    ansi-styles "^4.1.0"
    supports-color "^7.1.0"

chokidar@3.5.1:
  version "3.5.1"
  resolved "https://registry.npm.taobao.org/chokidar/download/chokidar-3.5.1.tgz?cache=0&sync_timestamp=1610719715486&other_urls=https%3A%2F%2Fregistry.npm.taobao.org%2Fchokidar%2Fdownload%2Fchokidar-3.5.1.tgz#ee9ce7bbebd2b79f49f304799d5468e31e14e68a"
  integrity sha1-7pznu+vSt59J8wR5nVRo4x4U5oo=
  dependencies:
    anymatch "~3.1.1"
    braces "~3.0.2"
    glob-parent "~5.1.0"
    is-binary-path "~2.1.0"
    is-glob "~4.0.1"
    normalize-path "~3.0.0"
    readdirp "~3.5.0"
  optionalDependencies:
    fsevents "~2.3.1"

cliui@^7.0.2:
  version "7.0.4"
  resolved "https://registry.npm.taobao.org/cliui/download/cliui-7.0.4.tgz#a0265ee655476fc807aea9df3df8df7783808b4f"
  integrity sha1-oCZe5lVHb8gHrqnfPfjfd4OAi08=
  dependencies:
    string-width "^4.2.0"
    strip-ansi "^6.0.0"
    wrap-ansi "^7.0.0"

color-convert@^2.0.1:
  version "2.0.1"
  resolved "https://registry.npm.taobao.org/color-convert/download/color-convert-2.0.1.tgz#72d3a68d598c9bdb3af2ad1e84f21d896abd4de3"
  integrity sha1-ctOmjVmMm9s68q0ehPIdiWq9TeM=
  dependencies:
    color-name "~1.1.4"

color-name@~1.1.4:
  version "1.1.4"
  resolved "https://registry.npm.taobao.org/color-name/download/color-name-1.1.4.tgz#c2a09a87acbde69543de6f63fa3995c826c536a2"
  integrity sha1-wqCah6y95pVD3m9j+jmVyCbFNqI=

combined-stream@^1.0.6, combined-stream@~1.0.6:
  version "1.0.8"
  resolved "https://registry.npm.taobao.org/combined-stream/download/combined-stream-1.0.8.tgz#c3d45a8b34fd730631a110a8a2520682b31d5a7f"
  integrity sha1-w9RaizT9cwYxoRCoolIGgrMdWn8=
  dependencies:
    delayed-stream "~1.0.0"

concat-map@0.0.1:
  version "0.0.1"
  resolved "https://registry.npm.taobao.org/concat-map/download/concat-map-0.0.1.tgz#d8a96bd77fd68df7793a73036a3ba0d5405d477b"
  integrity sha1-2Klr13/Wjfd5OnMDajug1UBdR3s=

core-util-is@1.0.2, core-util-is@~1.0.0:
  version "1.0.2"
  resolved "https://registry.npm.taobao.org/core-util-is/download/core-util-is-1.0.2.tgz#b5fd54220aa2bc5ab57aab7140c940754503c1a7"
  integrity sha1-tf1UIgqivFq1eqtxQMlAdUUDwac=

dashdash@^1.12.0:
  version "1.14.1"
  resolved "https://registry.npm.taobao.org/dashdash/download/dashdash-1.14.1.tgz?cache=0&sync_timestamp=1601073454623&other_urls=https%3A%2F%2Fregistry.npm.taobao.org%2Fdashdash%2Fdownload%2Fdashdash-1.14.1.tgz#853cfa0f7cbe2fed5de20326b8dd581035f6e2f0"
  integrity sha1-hTz6D3y+L+1d4gMmuN1YEDX24vA=
  dependencies:
    assert-plus "^1.0.0"

debug@4.3.1:
  version "4.3.1"
  resolved "https://registry.npm.taobao.org/debug/download/debug-4.3.1.tgz#f0d229c505e0c6d8c49ac553d1b13dc183f6b2ee"
  integrity sha1-8NIpxQXgxtjEmsVT0bE9wYP2su4=
  dependencies:
    ms "2.1.2"

decamelize@^4.0.0:
  version "4.0.0"
  resolved "https://registry.npm.taobao.org/decamelize/download/decamelize-4.0.0.tgz?cache=0&sync_timestamp=1610350536761&other_urls=https%3A%2F%2Fregistry.npm.taobao.org%2Fdecamelize%2Fdownload%2Fdecamelize-4.0.0.tgz#aa472d7bf660eb15f3494efd531cab7f2a709837"
  integrity sha1-qkcte/Zg6xXzSU79UxyrfypwmDc=

delayed-stream@~1.0.0:
  version "1.0.0"
  resolved "https://registry.npm.taobao.org/delayed-stream/download/delayed-stream-1.0.0.tgz#df3ae199acadfb7d440aaae0b29e2272b24ec619"
  integrity sha1-3zrhmayt+31ECqrgsp4icrJOxhk=

diff@5.0.0:
  version "5.0.0"
  resolved "https://registry.npm.taobao.org/diff/download/diff-5.0.0.tgz#7ed6ad76d859d030787ec35855f5b1daf31d852b"
  integrity sha1-ftatdthZ0DB4fsNYVfWx2vMdhSs=

ecc-jsbn@~0.1.1:
  version "0.1.2"
  resolved "https://registry.npm.taobao.org/ecc-jsbn/download/ecc-jsbn-0.1.2.tgz#3a83a904e54353287874c564b7549386849a98c9"
  integrity sha1-OoOpBOVDUyh4dMVkt1SThoSamMk=
  dependencies:
    jsbn "~0.1.0"
    safer-buffer "^2.1.0"

emoji-regex@^8.0.0:
  version "8.0.0"
  resolved "https://registry.npm.taobao.org/emoji-regex/download/emoji-regex-8.0.0.tgz?cache=0&sync_timestamp=1614682707048&other_urls=https%3A%2F%2Fregistry.npm.taobao.org%2Femoji-regex%2Fdownload%2Femoji-regex-8.0.0.tgz#e818fd69ce5ccfcb404594f842963bf53164cc37"
  integrity sha1-6Bj9ac5cz8tARZT4QpY79TFkzDc=

escalade@^3.1.1:
  version "3.1.1"
  resolved "https://registry.npm.taobao.org/escalade/download/escalade-3.1.1.tgz#d8cfdc7000965c5a0174b4a82eaa5c0552742e40"
  integrity sha1-2M/ccACWXFoBdLSoLqpcBVJ0LkA=

escape-string-regexp@4.0.0:
  version "4.0.0"
  resolved "https://registry.npm.taobao.org/escape-string-regexp/download/escape-string-regexp-4.0.0.tgz#14ba83a5d373e3d311e5afca29cf5bfad965bf34"
  integrity sha1-FLqDpdNz49MR5a/KKc9b+tllvzQ=

extend@~3.0.2:
  version "3.0.2"
  resolved "https://registry.npm.taobao.org/extend/download/extend-3.0.2.tgz#f8b1136b4071fbd8eb140aff858b1019ec2915fa"
  integrity sha1-+LETa0Bx+9jrFAr/hYsQGewpFfo=

extsprintf@1.3.0:
  version "1.3.0"
  resolved "https://registry.npm.taobao.org/extsprintf/download/extsprintf-1.3.0.tgz#96918440e3041a7a414f8c52e3c574eb3c3e1e05"
  integrity sha1-lpGEQOMEGnpBT4xS48V06zw+HgU=

extsprintf@^1.2.0:
  version "1.4.0"
  resolved "https://registry.npm.taobao.org/extsprintf/download/extsprintf-1.4.0.tgz#e2689f8f356fad62cca65a3a91c5df5f9551692f"
  integrity sha1-4mifjzVvrWLMplo6kcXfX5VRaS8=

fast-deep-equal@^3.1.1:
  version "3.1.3"
  resolved "https://registry.npm.taobao.org/fast-deep-equal/download/fast-deep-equal-3.1.3.tgz#3a7d56b559d6cbc3eb512325244e619a65c6c525"
  integrity sha1-On1WtVnWy8PrUSMlJE5hmmXGxSU=

fast-json-stable-stringify@^2.0.0:
  version "2.1.0"
  resolved "https://registry.npm.taobao.org/fast-json-stable-stringify/download/fast-json-stable-stringify-2.1.0.tgz#874bf69c6f404c2b5d99c481341399fd55892633"
  integrity sha1-h0v2nG9ATCtdmcSBNBOZ/VWJJjM=

fill-range@^7.0.1:
  version "7.0.1"
  resolved "https://registry.npm.taobao.org/fill-range/download/fill-range-7.0.1.tgz#1919a6a7c75fe38b2c7c77e5198535da9acdda40"
  integrity sha1-GRmmp8df44ssfHflGYU12prN2kA=
  dependencies:
    to-regex-range "^5.0.1"

find-up@5.0.0:
  version "5.0.0"
  resolved "https://registry.npm.taobao.org/find-up/download/find-up-5.0.0.tgz#4c92819ecb7083561e4f4a240a86be5198f536fc"
  integrity sha1-TJKBnstwg1YeT0okCoa+UZj1Nvw=
  dependencies:
    locate-path "^6.0.0"
    path-exists "^4.0.0"

flat@^5.0.2:
  version "5.0.2"
  resolved "https://registry.npm.taobao.org/flat/download/flat-5.0.2.tgz#8ca6fe332069ffa9d324c327198c598259ceb241"
  integrity sha1-jKb+MyBp/6nTJMMnGYxZglnOskE=

forever-agent@~0.6.1:
  version "0.6.1"
  resolved "https://registry.npm.taobao.org/forever-agent/download/forever-agent-0.6.1.tgz#fbc71f0c41adeb37f96c577ad1ed42d8fdacca91"
  integrity sha1-+8cfDEGt6zf5bFd60e1C2P2sypE=

form-data@~2.3.2:
  version "2.3.3"
  resolved "https://registry.npm.taobao.org/form-data/download/form-data-2.3.3.tgz#dcce52c05f644f298c6a7ab936bd724ceffbf3a6"
  integrity sha1-3M5SwF9kTymManq5Nr1yTO/786Y=
  dependencies:
    asynckit "^0.4.0"
    combined-stream "^1.0.6"
    mime-types "^2.1.12"

fs.realpath@^1.0.0:
  version "1.0.0"
  resolved "https://registry.npm.taobao.org/fs.realpath/download/fs.realpath-1.0.0.tgz#1504ad2523158caa40db4a2787cb01411994ea4f"
  integrity sha1-FQStJSMVjKpA20onh8sBQRmU6k8=

fsevents@~2.3.1:
  version "2.3.2"
  resolved "https://registry.npm.taobao.org/fsevents/download/fsevents-2.3.2.tgz#8a526f78b8fdf4623b709e0b975c52c24c02fd1a"
  integrity sha1-ilJveLj99GI7cJ4Ll1xSwkwC/Ro=

get-caller-file@^2.0.5:
  version "2.0.5"
  resolved "https://registry.npm.taobao.org/get-caller-file/download/get-caller-file-2.0.5.tgz#4f94412a82db32f36e3b0b9741f8a97feb031f7e"
  integrity sha1-T5RBKoLbMvNuOwuXQfipf+sDH34=

getpass@^0.1.1:
  version "0.1.7"
  resolved "https://registry.npm.taobao.org/getpass/download/getpass-0.1.7.tgz#5eff8e3e684d569ae4cb2b1282604e8ba62149fa"
  integrity sha1-Xv+OPmhNVprkyysSgmBOi6YhSfo=
  dependencies:
    assert-plus "^1.0.0"

glob-parent@~5.1.0:
  version "5.1.2"
  resolved "https://registry.npm.taobao.org/glob-parent/download/glob-parent-5.1.2.tgz#869832c58034fe68a4093c17dc15e8340d8401c4"
  integrity sha1-hpgyxYA0/mikCTwX3BXoNA2EAcQ=
  dependencies:
    is-glob "^4.0.1"

glob@7.1.6:
  version "7.1.6"
  resolved "https://registry.npm.taobao.org/glob/download/glob-7.1.6.tgz#141f33b81a7c2492e125594307480c46679278a6"
  integrity sha1-FB8zuBp8JJLhJVlDB0gMRmeSeKY=
  dependencies:
    fs.realpath "^1.0.0"
    inflight "^1.0.4"
    inherits "2"
    minimatch "^3.0.4"
    once "^1.3.0"
    path-is-absolute "^1.0.0"

growl@1.10.5:
  version "1.10.5"
  resolved "https://registry.npm.taobao.org/growl/download/growl-1.10.5.tgz#f2735dc2283674fa67478b10181059355c369e5e"
  integrity sha1-8nNdwig2dPpnR4sQGBBZNVw2nl4=

har-schema@^2.0.0:
  version "2.0.0"
  resolved "https://registry.npm.taobao.org/har-schema/download/har-schema-2.0.0.tgz#a94c2224ebcac04782a0d9035521f24735b7ec92"
  integrity sha1-qUwiJOvKwEeCoNkDVSHyRzW37JI=

har-validator@~5.1.3:
  version "5.1.5"
  resolved "https://registry.npm.taobao.org/har-validator/download/har-validator-5.1.5.tgz#1f0803b9f8cb20c0fa13822df1ecddb36bde1efd"
  integrity sha1-HwgDufjLIMD6E4It8ezds2veHv0=
  dependencies:
    ajv "^6.12.3"
    har-schema "^2.0.0"

has-flag@^4.0.0:
  version "4.0.0"
  resolved "https://registry.npm.taobao.org/has-flag/download/has-flag-4.0.0.tgz#944771fd9c81c81265c4d6941860da06bb59479b"
  integrity sha1-lEdx/ZyByBJlxNaUGGDaBrtZR5s=

he@1.2.0:
  version "1.2.0"
  resolved "https://registry.npm.taobao.org/he/download/he-1.2.0.tgz#84ae65fa7eafb165fddb61566ae14baf05664f0f"
  integrity sha1-hK5l+n6vsWX922FWauFLrwVmTw8=

http-signature@~1.2.0:
  version "1.2.0"
  resolved "https://registry.npm.taobao.org/http-signature/download/http-signature-1.2.0.tgz#9aecd925114772f3d95b65a60abb8f7c18fbace1"
  integrity sha1-muzZJRFHcvPZW2WmCruPfBj7rOE=
  dependencies:
    assert-plus "^1.0.0"
    jsprim "^1.2.2"
    sshpk "^1.7.0"

image-size@^0.9.7:
  version "0.9.7"
  resolved "https://registry.npm.taobao.org/image-size/download/image-size-0.9.7.tgz?cache=0&sync_timestamp=1615833926443&other_urls=https%3A%2F%2Fregistry.npm.taobao.org%2Fimage-size%2Fdownload%2Fimage-size-0.9.7.tgz#43b4ead4b1310d5ae310a559d52935a347e47c09"
  integrity sha1-Q7Tq1LExDVrjEKVZ1Sk1o0fkfAk=
  dependencies:
    queue "6.0.2"

immediate@~3.0.5:
  version "3.0.6"
  resolved "https://registry.npm.taobao.org/immediate/download/immediate-3.0.6.tgz#9db1dbd0faf8de6fbe0f5dd5e56bb606280de69b"
  integrity sha1-nbHb0Pr43m++D13V5Wu2BigN5ps=

inflight@^1.0.4:
  version "1.0.6"
  resolved "https://registry.npm.taobao.org/inflight/download/inflight-1.0.6.tgz#49bd6331d7d02d0c09bc910a1075ba8165b56df9"
  integrity sha1-Sb1jMdfQLQwJvJEKEHW6gWW1bfk=
  dependencies:
    once "^1.3.0"
    wrappy "1"

inherits@2, inherits@~2.0.3:
  version "2.0.4"
  resolved "https://registry.npm.taobao.org/inherits/download/inherits-2.0.4.tgz#0fa2c64f932917c3433a0ded55363aae37416b7c"
  integrity sha1-D6LGT5MpF8NDOg3tVTY6rjdBa3w=

is-binary-path@~2.1.0:
  version "2.1.0"
  resolved "https://registry.npm.taobao.org/is-binary-path/download/is-binary-path-2.1.0.tgz#ea1f7f3b80f064236e83470f86c09c254fb45b09"
  integrity sha1-6h9/O4DwZCNug0cPhsCcJU+0Wwk=
  dependencies:
    binary-extensions "^2.0.0"

is-extglob@^2.1.1:
  version "2.1.1"
  resolved "https://registry.npm.taobao.org/is-extglob/download/is-extglob-2.1.1.tgz#a88c02535791f02ed37c76a1b9ea9773c833f8c2"
  integrity sha1-qIwCU1eR8C7TfHahueqXc8gz+MI=

is-fullwidth-code-point@^2.0.0:
  version "2.0.0"
  resolved "https://registry.npm.taobao.org/is-fullwidth-code-point/download/is-fullwidth-code-point-2.0.0.tgz#a3b30a5c4f199183167aaab93beefae3ddfb654f"
  integrity sha1-o7MKXE8ZkYMWeqq5O+764937ZU8=

is-fullwidth-code-point@^3.0.0:
  version "3.0.0"
  resolved "https://registry.npm.taobao.org/is-fullwidth-code-point/download/is-fullwidth-code-point-3.0.0.tgz#f116f8064fe90b3f7844a38997c0b75051269f1d"
  integrity sha1-8Rb4Bk/pCz94RKOJl8C3UFEmnx0=

is-glob@^4.0.1, is-glob@~4.0.1:
  version "4.0.1"
  resolved "https://registry.npm.taobao.org/is-glob/download/is-glob-4.0.1.tgz#7567dbe9f2f5e2467bc77ab83c4a29482407a5dc"
  integrity sha1-dWfb6fL14kZ7x3q4PEopSCQHpdw=
  dependencies:
    is-extglob "^2.1.1"

is-number@^7.0.0:
  version "7.0.0"
  resolved "https://registry.npm.taobao.org/is-number/download/is-number-7.0.0.tgz#7535345b896734d5f80c4d06c50955527a14f12b"
  integrity sha1-dTU0W4lnNNX4DE0GxQlVUnoU8Ss=

is-plain-obj@^2.1.0:
  version "2.1.0"
  resolved "https://registry.npm.taobao.org/is-plain-obj/download/is-plain-obj-2.1.0.tgz#45e42e37fccf1f40da8e5f76ee21515840c09287"
  integrity sha1-ReQuN/zPH0Dajl927iFRWEDAkoc=

is-typedarray@~1.0.0:
  version "1.0.0"
  resolved "https://registry.npm.taobao.org/is-typedarray/download/is-typedarray-1.0.0.tgz#e479c80858df0c1b11ddda6940f96011fcda4a9a"
  integrity sha1-5HnICFjfDBsR3dppQPlgEfzaSpo=

isarray@~1.0.0:
  version "1.0.0"
  resolved "https://registry.npm.taobao.org/isarray/download/isarray-1.0.0.tgz#bb935d48582cba168c06834957a54a3e07124f11"
  integrity sha1-u5NdSFgsuhaMBoNJV6VKPgcSTxE=

isexe@^2.0.0:
  version "2.0.0"
  resolved "https://registry.npm.taobao.org/isexe/download/isexe-2.0.0.tgz#e8fbf374dc556ff8947a10dcb0572d633f2cfa10"
  integrity sha1-6PvzdNxVb/iUehDcsFctYz8s+hA=

isstream@~0.1.2:
  version "0.1.2"
  resolved "https://registry.npm.taobao.org/isstream/download/isstream-0.1.2.tgz#47e63f7af55afa6f92e1500e690eb8b8529c099a"
  integrity sha1-R+Y/evVa+m+S4VAOaQ64uFKcCZo=

js-yaml@4.0.0:
  version "4.0.0"
  resolved "https://registry.npm.taobao.org/js-yaml/download/js-yaml-4.0.0.tgz?cache=0&sync_timestamp=1609680193223&other_urls=https%3A%2F%2Fregistry.npm.taobao.org%2Fjs-yaml%2Fdownload%2Fjs-yaml-4.0.0.tgz#f426bc0ff4b4051926cd588c71113183409a121f"
  integrity sha1-9Ca8D/S0BRkmzViMcRExg0CaEh8=
  dependencies:
    argparse "^2.0.1"

jsbn@~0.1.0:
  version "0.1.1"
  resolved "https://registry.npm.taobao.org/jsbn/download/jsbn-0.1.1.tgz#a5e654c2e5a2deb5f201d96cefbca80c0ef2f513"
  integrity sha1-peZUwuWi3rXyAdls77yoDA7y9RM=

json-schema-traverse@^0.4.1:
  version "0.4.1"
  resolved "https://registry.npm.taobao.org/json-schema-traverse/download/json-schema-traverse-0.4.1.tgz#69f6a87d9513ab8bb8fe63bdb0979c448e684660"
  integrity sha1-afaofZUTq4u4/mO9sJecRI5oRmA=

json-schema@0.2.3:
  version "0.2.3"
  resolved "https://registry.npm.taobao.org/json-schema/download/json-schema-0.2.3.tgz?cache=0&sync_timestamp=1609553637722&other_urls=https%3A%2F%2Fregistry.npm.taobao.org%2Fjson-schema%2Fdownload%2Fjson-schema-0.2.3.tgz#b480c892e59a2f05954ce727bd3f2a4e882f9e13"
  integrity sha1-tIDIkuWaLwWVTOcnvT8qTogvnhM=

json-stringify-safe@~5.0.1:
  version "5.0.1"
  resolved "https://registry.npm.taobao.org/json-stringify-safe/download/json-stringify-safe-5.0.1.tgz#1296a2d58fd45f19a0f6ce01d65701e2c735b6eb"
  integrity sha1-Epai1Y/UXxmg9s4B1lcB4sc1tus=

jsprim@^1.2.2:
  version "1.4.1"
  resolved "https://registry.npm.taobao.org/jsprim/download/jsprim-1.4.1.tgz#313e66bc1e5cc06e438bc1b7499c2e5c56acb6a2"
  integrity sha1-MT5mvB5cwG5Di8G3SZwuXFastqI=
  dependencies:
    assert-plus "1.0.0"
    extsprintf "1.3.0"
    json-schema "0.2.3"
    verror "1.10.0"

jszip@^3.6.0:
  version "3.6.0"
  resolved "https://registry.npm.taobao.org/jszip/download/jszip-3.6.0.tgz#839b72812e3f97819cc13ac4134ffced95dd6af9"
  integrity sha1-g5tygS4/l4GcwTrEE0/87ZXdavk=
  dependencies:
    lie "~3.3.0"
    pako "~1.0.2"
    readable-stream "~2.3.6"
    set-immediate-shim "~1.0.1"

lie@~3.3.0:
  version "3.3.0"
  resolved "https://registry.npm.taobao.org/lie/download/lie-3.3.0.tgz#dcf82dee545f46074daf200c7c1c5a08e0f40f6a"
  integrity sha1-3Pgt7lRfRgdNryAMfBxaCOD0D2o=
  dependencies:
    immediate "~3.0.5"

locate-path@^6.0.0:
  version "6.0.0"
  resolved "https://registry.npm.taobao.org/locate-path/download/locate-path-6.0.0.tgz#55321eb309febbc59c4801d931a72452a681d286"
  integrity sha1-VTIeswn+u8WcSAHZMackUqaB0oY=
  dependencies:
    p-locate "^5.0.0"

log-symbols@4.0.0:
  version "4.0.0"
  resolved "https://registry.npm.taobao.org/log-symbols/download/log-symbols-4.0.0.tgz#69b3cc46d20f448eccdb75ea1fa733d9e821c920"
  integrity sha1-abPMRtIPRI7M23XqH6cz2eghySA=
  dependencies:
    chalk "^4.0.0"

mime-db@1.46.0:
  version "1.46.0"
  resolved "https://registry.npm.taobao.org/mime-db/download/mime-db-1.46.0.tgz#6267748a7f799594de3cbc8cde91def349661cee"
  integrity sha1-Ymd0in95lZTePLyM3pHe80lmHO4=

mime-types@^2.1.12, mime-types@~2.1.19:
  version "2.1.29"
  resolved "https://registry.npm.taobao.org/mime-types/download/mime-types-2.1.29.tgz?cache=0&other_urls=https%3A%2F%2Fregistry.npm.taobao.org%2Fmime-types%2Fdownload%2Fmime-types-2.1.29.tgz#1d4ab77da64b91f5f72489df29236563754bb1b2"
  integrity sha1-HUq3faZLkfX3JInfKSNlY3VLsbI=
  dependencies:
    mime-db "1.46.0"

minimatch@3.0.4, minimatch@^3.0.4:
  version "3.0.4"
  resolved "https://registry.npm.taobao.org/minimatch/download/minimatch-3.0.4.tgz#5166e286457f03306064be5497e8dbb0c3d32083"
  integrity sha1-UWbihkV/AzBgZL5Ul+jbsMPTIIM=
  dependencies:
    brace-expansion "^1.1.7"

mocha@^8.3.2:
  version "8.3.2"
  resolved "https://registry.npm.taobao.org/mocha/download/mocha-8.3.2.tgz?cache=0&sync_timestamp=1615538662345&other_urls=https%3A%2F%2Fregistry.npm.taobao.org%2Fmocha%2Fdownload%2Fmocha-8.3.2.tgz#53406f195fa86fbdebe71f8b1c6fb23221d69fcc"
  integrity sha1-U0BvGV+ob73r5x+LHG+yMiHWn8w=
  dependencies:
    "@ungap/promise-all-settled" "1.1.2"
    ansi-colors "4.1.1"
    browser-stdout "1.3.1"
    chokidar "3.5.1"
    debug "4.3.1"
    diff "5.0.0"
    escape-string-regexp "4.0.0"
    find-up "5.0.0"
    glob "7.1.6"
    growl "1.10.5"
    he "1.2.0"
    js-yaml "4.0.0"
    log-symbols "4.0.0"
    minimatch "3.0.4"
    ms "2.1.3"
    nanoid "3.1.20"
    serialize-javascript "5.0.1"
    strip-json-comments "3.1.1"
    supports-color "8.1.1"
    which "2.0.2"
    wide-align "1.1.3"
    workerpool "6.1.0"
    yargs "16.2.0"
    yargs-parser "20.2.4"
    yargs-unparser "2.0.0"

ms@2.1.2:
  version "2.1.2"
  resolved "https://registry.npm.taobao.org/ms/download/ms-2.1.2.tgz#d09d1f357b443f493382a8eb3ccd183872ae6009"
  integrity sha1-0J0fNXtEP0kzgqjrPM0YOHKuYAk=

ms@2.1.3:
  version "2.1.3"
  resolved "https://registry.npm.taobao.org/ms/download/ms-2.1.3.tgz#574c8138ce1d2b5861f0b44579dbadd60c6615b2"
  integrity sha1-V0yBOM4dK1hh8LRFedut1gxmFbI=

nanoid@3.1.20:
  version "3.1.20"
  resolved "https://registry.npm.taobao.org/nanoid/download/nanoid-3.1.20.tgz?cache=0&sync_timestamp=1615820517433&other_urls=https%3A%2F%2Fregistry.npm.taobao.org%2Fnanoid%2Fdownload%2Fnanoid-3.1.20.tgz#badc263c6b1dcf14b71efaa85f6ab4c1d6cfc788"
  integrity sha1-utwmPGsdzxS3HvqoX2q0wdbPx4g=

normalize-path@^3.0.0, normalize-path@~3.0.0:
  version "3.0.0"
  resolved "https://registry.npm.taobao.org/normalize-path/download/normalize-path-3.0.0.tgz#0dcd69ff23a1c9b11fd0978316644a0388216a65"
  integrity sha1-Dc1p/yOhybEf0JeDFmRKA4ghamU=

oauth-sign@~0.9.0:
  version "0.9.0"
  resolved "https://registry.npm.taobao.org/oauth-sign/download/oauth-sign-0.9.0.tgz#47a7b016baa68b5fa0ecf3dee08a85c679ac6455"
  integrity sha1-R6ewFrqmi1+g7PPe4IqFxnmsZFU=

once@^1.3.0:
  version "1.4.0"
  resolved "https://registry.npm.taobao.org/once/download/once-1.4.0.tgz#583b1aa775961d4b113ac17d9c50baef9dd76bd1"
  integrity sha1-WDsap3WWHUsROsF9nFC6753Xa9E=
  dependencies:
    wrappy "1"

p-limit@^3.0.2:
  version "3.1.0"
  resolved "https://registry.npm.taobao.org/p-limit/download/p-limit-3.1.0.tgz#e1daccbe78d0d1388ca18c64fea38e3e57e3706b"
  integrity sha1-4drMvnjQ0TiMoYxk/qOOPlfjcGs=
  dependencies:
    yocto-queue "^0.1.0"

p-locate@^5.0.0:
  version "5.0.0"
  resolved "https://registry.npm.taobao.org/p-locate/download/p-locate-5.0.0.tgz#83c8315c6785005e3bd021839411c9e110e6d834"
  integrity sha1-g8gxXGeFAF470CGDlBHJ4RDm2DQ=
  dependencies:
    p-limit "^3.0.2"

pako@~1.0.2:
  version "1.0.11"
  resolved "https://registry.npm.taobao.org/pako/download/pako-1.0.11.tgz?cache=0&sync_timestamp=1610209004795&other_urls=https%3A%2F%2Fregistry.npm.taobao.org%2Fpako%2Fdownload%2Fpako-1.0.11.tgz#6c9599d340d54dfd3946380252a35705a6b992bf"
  integrity sha1-bJWZ00DVTf05RjgCUqNXBaa5kr8=

path-exists@^4.0.0:
  version "4.0.0"
  resolved "https://registry.npm.taobao.org/path-exists/download/path-exists-4.0.0.tgz#513bdbe2d3b95d7762e8c1137efa195c6c61b5b3"
  integrity sha1-UTvb4tO5XXdi6METfvoZXGxhtbM=

path-is-absolute@^1.0.0:
  version "1.0.1"
  resolved "https://registry.npm.taobao.org/path-is-absolute/download/path-is-absolute-1.0.1.tgz#174b9268735534ffbc7ace6bf53a5a9e1b5c5f5f"
  integrity sha1-F0uSaHNVNP+8es5r9TpanhtcX18=

performance-now@^2.1.0:
  version "2.1.0"
  resolved "https://registry.npm.taobao.org/performance-now/download/performance-now-2.1.0.tgz#6309f4e0e5fa913ec1c69307ae364b4b377c9e7b"
  integrity sha1-Ywn04OX6kT7BxpMHrjZLSzd8nns=

picomatch@^2.0.4, picomatch@^2.2.1:
  version "2.2.2"
  resolved "https://registry.npm.taobao.org/picomatch/download/picomatch-2.2.2.tgz#21f333e9b6b8eaff02468f5146ea406d345f4dad"
  integrity sha1-IfMz6ba46v8CRo9RRupAbTRfTa0=

process-nextick-args@~2.0.0:
  version "2.0.1"
  resolved "https://registry.npm.taobao.org/process-nextick-args/download/process-nextick-args-2.0.1.tgz#7820d9b16120cc55ca9ae7792680ae7dba6d7fe2"
  integrity sha1-eCDZsWEgzFXKmud5JoCufbptf+I=

psl@^1.1.28:
  version "1.8.0"
  resolved "https://registry.npm.taobao.org/psl/download/psl-1.8.0.tgz#9326f8bcfb013adcc005fdff056acce020e51c24"
  integrity sha1-kyb4vPsBOtzABf3/BWrM4CDlHCQ=

punycode@^2.1.0, punycode@^2.1.1:
  version "2.1.1"
  resolved "https://registry.npm.taobao.org/punycode/download/punycode-2.1.1.tgz#b58b010ac40c22c5657616c8d2c2c02c7bf479ec"
  integrity sha1-tYsBCsQMIsVldhbI0sLALHv0eew=

qs@~6.5.2:
  version "6.5.2"
  resolved "https://registry.npm.taobao.org/qs/download/qs-6.5.2.tgz?cache=0&sync_timestamp=1616385315895&other_urls=https%3A%2F%2Fregistry.npm.taobao.org%2Fqs%2Fdownload%2Fqs-6.5.2.tgz#cb3ae806e8740444584ef154ce8ee98d403f3e36"
  integrity sha1-yzroBuh0BERYTvFUzo7pjUA/PjY=

queue@6.0.2:
  version "6.0.2"
  resolved "https://registry.npm.taobao.org/queue/download/queue-6.0.2.tgz#b91525283e2315c7553d2efa18d83e76432fed65"
  integrity sha1-uRUlKD4jFcdVPS76GNg+dkMv7WU=
  dependencies:
    inherits "~2.0.3"

randombytes@^2.1.0:
  version "2.1.0"
  resolved "https://registry.npm.taobao.org/randombytes/download/randombytes-2.1.0.tgz#df6f84372f0270dc65cdf6291349ab7a473d4f2a"
  integrity sha1-32+ENy8CcNxlzfYpE0mrekc9Tyo=
  dependencies:
    safe-buffer "^5.1.0"

readable-stream@~2.3.6:
  version "2.3.7"
  resolved "https://registry.npm.taobao.org/readable-stream/download/readable-stream-2.3.7.tgz#1eca1cf711aef814c04f62252a36a62f6cb23b57"
  integrity sha1-Hsoc9xGu+BTAT2IlKjamL2yyO1c=
  dependencies:
    core-util-is "~1.0.0"
    inherits "~2.0.3"
    isarray "~1.0.0"
    process-nextick-args "~2.0.0"
    safe-buffer "~5.1.1"
    string_decoder "~1.1.1"
    util-deprecate "~1.0.1"

readdirp@~3.5.0:
  version "3.5.0"
  resolved "https://registry.npm.taobao.org/readdirp/download/readdirp-3.5.0.tgz?cache=0&sync_timestamp=1615717425931&other_urls=https%3A%2F%2Fregistry.npm.taobao.org%2Freaddirp%2Fdownload%2Freaddirp-3.5.0.tgz#9ba74c019b15d365278d2e91bb8c48d7b4d42c9e"
  integrity sha1-m6dMAZsV02UnjS6Ru4xI17TULJ4=
  dependencies:
    picomatch "^2.2.1"

request@^2.88.2:
  version "2.88.2"
  resolved "https://registry.npm.taobao.org/request/download/request-2.88.2.tgz?cache=0&other_urls=https%3A%2F%2Fregistry.npm.taobao.org%2Frequest%2Fdownload%2Frequest-2.88.2.tgz#d73c918731cb5a87da047e207234146f664d12b3"
  integrity sha1-1zyRhzHLWofaBH4gcjQUb2ZNErM=
  dependencies:
    aws-sign2 "~0.7.0"
    aws4 "^1.8.0"
    caseless "~0.12.0"
    combined-stream "~1.0.6"
    extend "~3.0.2"
    forever-agent "~0.6.1"
    form-data "~2.3.2"
    har-validator "~5.1.3"
    http-signature "~1.2.0"
    is-typedarray "~1.0.0"
    isstream "~0.1.2"
    json-stringify-safe "~5.0.1"
    mime-types "~2.1.19"
    oauth-sign "~0.9.0"
    performance-now "^2.1.0"
    qs "~6.5.2"
    safe-buffer "^5.1.2"
    tough-cookie "~2.5.0"
    tunnel-agent "^0.6.0"
    uuid "^3.3.2"

require-directory@^2.1.1:
  version "2.1.1"
  resolved "https://registry.npm.taobao.org/require-directory/download/require-directory-2.1.1.tgz#8c64ad5fd30dab1c976e2344ffe7f792a6a6df42"
  integrity sha1-jGStX9MNqxyXbiNE/+f3kqam30I=

safe-buffer@^5.0.1, safe-buffer@^5.1.0, safe-buffer@^5.1.2:
  version "5.2.1"
  resolved "https://registry.npm.taobao.org/safe-buffer/download/safe-buffer-5.2.1.tgz#1eaf9fa9bdb1fdd4ec75f58f9cdb4e6b7827eec6"
  integrity sha1-Hq+fqb2x/dTsdfWPnNtOa3gn7sY=

safe-buffer@~5.1.0, safe-buffer@~5.1.1:
  version "5.1.2"
  resolved "https://registry.npm.taobao.org/safe-buffer/download/safe-buffer-5.1.2.tgz?cache=0&sync_timestamp=1599054209520&other_urls=https%3A%2F%2Fregistry.npm.taobao.org%2Fsafe-buffer%2Fdownload%2Fsafe-buffer-5.1.2.tgz#991ec69d296e0313747d59bdfd2b745c35f8828d"
  integrity sha1-mR7GnSluAxN0fVm9/St0XDX4go0=

safer-buffer@^2.0.2, safer-buffer@^2.1.0, safer-buffer@~2.1.0:
  version "2.1.2"
  resolved "https://registry.npm.taobao.org/safer-buffer/download/safer-buffer-2.1.2.tgz#44fa161b0187b9549dd84bb91802f9bd8385cd6a"
  integrity sha1-RPoWGwGHuVSd2Eu5GAL5vYOFzWo=

sax@^1.2.4:
  version "1.2.4"
  resolved "https://registry.npm.taobao.org/sax/download/sax-1.2.4.tgz#2816234e2378bddc4e5354fab5caa895df7100d9"
  integrity sha1-KBYjTiN4vdxOU1T6tcqold9xANk=

serialize-javascript@5.0.1:
  version "5.0.1"
  resolved "https://registry.npm.taobao.org/serialize-javascript/download/serialize-javascript-5.0.1.tgz#7886ec848049a462467a97d3d918ebb2aaf934f4"
  integrity sha1-eIbshIBJpGJGepfT2Rjrsqr5NPQ=
  dependencies:
    randombytes "^2.1.0"

set-immediate-shim@~1.0.1:
  version "1.0.1"
  resolved "https://registry.npm.taobao.org/set-immediate-shim/download/set-immediate-shim-1.0.1.tgz#4b2b1b27eb808a9f8dcc481a58e5e56f599f3f61"
  integrity sha1-SysbJ+uAip+NzEgaWOXlb1mfP2E=

sshpk@^1.7.0:
  version "1.16.1"
  resolved "https://registry.npm.taobao.org/sshpk/download/sshpk-1.16.1.tgz#fb661c0bef29b39db40769ee39fa70093d6f6877"
  integrity sha1-+2YcC+8ps520B2nuOfpwCT1vaHc=
  dependencies:
    asn1 "~0.2.3"
    assert-plus "^1.0.0"
    bcrypt-pbkdf "^1.0.0"
    dashdash "^1.12.0"
    ecc-jsbn "~0.1.1"
    getpass "^0.1.1"
    jsbn "~0.1.0"
    safer-buffer "^2.0.2"
    tweetnacl "~0.14.0"

"string-width@^1.0.2 || 2":
  version "2.1.1"
  resolved "https://registry.npm.taobao.org/string-width/download/string-width-2.1.1.tgz?cache=0&sync_timestamp=1614522261096&other_urls=https%3A%2F%2Fregistry.npm.taobao.org%2Fstring-width%2Fdownload%2Fstring-width-2.1.1.tgz#ab93f27a8dc13d28cac815c462143a6d9012ae9e"
  integrity sha1-q5Pyeo3BPSjKyBXEYhQ6bZASrp4=
  dependencies:
    is-fullwidth-code-point "^2.0.0"
    strip-ansi "^4.0.0"

string-width@^4.1.0, string-width@^4.2.0:
  version "4.2.2"
  resolved "https://registry.npm.taobao.org/string-width/download/string-width-4.2.2.tgz?cache=0&sync_timestamp=1614522261096&other_urls=https%3A%2F%2Fregistry.npm.taobao.org%2Fstring-width%2Fdownload%2Fstring-width-4.2.2.tgz#dafd4f9559a7585cfba529c6a0a4f73488ebd4c5"
  integrity sha1-2v1PlVmnWFz7pSnGoKT3NIjr1MU=
  dependencies:
    emoji-regex "^8.0.0"
    is-fullwidth-code-point "^3.0.0"
    strip-ansi "^6.0.0"

string_decoder@~1.1.1:
  version "1.1.1"
  resolved "https://registry.npm.taobao.org/string_decoder/download/string_decoder-1.1.1.tgz#9cf1611ba62685d7030ae9e4ba34149c3af03fc8"
  integrity sha1-nPFhG6YmhdcDCunkujQUnDrwP8g=
  dependencies:
    safe-buffer "~5.1.0"

strip-ansi@^4.0.0:
  version "4.0.0"
  resolved "https://registry.npm.taobao.org/strip-ansi/download/strip-ansi-4.0.0.tgz#a8479022eb1ac368a871389b635262c505ee368f"
  integrity sha1-qEeQIusaw2iocTibY1JixQXuNo8=
  dependencies:
    ansi-regex "^3.0.0"

strip-ansi@^6.0.0:
  version "6.0.0"
  resolved "https://registry.npm.taobao.org/strip-ansi/download/strip-ansi-6.0.0.tgz#0b1571dd7669ccd4f3e06e14ef1eed26225ae532"
  integrity sha1-CxVx3XZpzNTz4G4U7x7tJiJa5TI=
  dependencies:
    ansi-regex "^5.0.0"

strip-json-comments@3.1.1:
  version "3.1.1"
  resolved "https://registry.npm.taobao.org/strip-json-comments/download/strip-json-comments-3.1.1.tgz#31f1281b3832630434831c310c01cccda8cbe006"
  integrity sha1-MfEoGzgyYwQ0gxwxDAHMzajL4AY=

supports-color@8.1.1:
  version "8.1.1"
  resolved "https://registry.npm.taobao.org/supports-color/download/supports-color-8.1.1.tgz?cache=0&sync_timestamp=1611394043517&other_urls=https%3A%2F%2Fregistry.npm.taobao.org%2Fsupports-color%2Fdownload%2Fsupports-color-8.1.1.tgz#cd6fc17e28500cff56c1b86c0a7fd4a54a73005c"
  integrity sha1-zW/BfihQDP9WwbhsCn/UpUpzAFw=
  dependencies:
    has-flag "^4.0.0"

supports-color@^7.1.0:
  version "7.2.0"
  resolved "https://registry.npm.taobao.org/supports-color/download/supports-color-7.2.0.tgz?cache=0&sync_timestamp=1611394043517&other_urls=https%3A%2F%2Fregistry.npm.taobao.org%2Fsupports-color%2Fdownload%2Fsupports-color-7.2.0.tgz#1b7dcdcb32b8138801b3e478ba6a51caa89648da"
  integrity sha1-G33NyzK4E4gBs+R4umpRyqiWSNo=
  dependencies:
    has-flag "^4.0.0"

to-regex-range@^5.0.1:
  version "5.0.1"
  resolved "https://registry.npm.taobao.org/to-regex-range/download/to-regex-range-5.0.1.tgz#1648c44aae7c8d988a326018ed72f5b4dd0392e4"
  integrity sha1-FkjESq58jZiKMmAY7XL1tN0DkuQ=
  dependencies:
    is-number "^7.0.0"

tough-cookie@~2.5.0:
  version "2.5.0"
  resolved "https://registry.npm.taobao.org/tough-cookie/download/tough-cookie-2.5.0.tgz?cache=0&other_urls=https%3A%2F%2Fregistry.npm.taobao.org%2Ftough-cookie%2Fdownload%2Ftough-cookie-2.5.0.tgz#cd9fb2a0aa1d5a12b473bd9fb96fa3dcff65ade2"
  integrity sha1-zZ+yoKodWhK0c72fuW+j3P9lreI=
  dependencies:
    psl "^1.1.28"
    punycode "^2.1.1"

tunnel-agent@^0.6.0:
  version "0.6.0"
  resolved "https://registry.npm.taobao.org/tunnel-agent/download/tunnel-agent-0.6.0.tgz#27a5dea06b36b04a0a9966774b290868f0fc40fd"
  integrity sha1-J6XeoGs2sEoKmWZ3SykIaPD8QP0=
  dependencies:
    safe-buffer "^5.0.1"

tweetnacl@^0.14.3, tweetnacl@~0.14.0:
  version "0.14.5"
  resolved "https://registry.npm.taobao.org/tweetnacl/download/tweetnacl-0.14.5.tgz#5ae68177f192d4456269d108afa93ff8743f4f64"
  integrity sha1-WuaBd/GS1EViadEIr6k/+HQ/T2Q=

uri-js@^4.2.2:
  version "4.4.1"
  resolved "https://registry.npm.taobao.org/uri-js/download/uri-js-4.4.1.tgz?cache=0&sync_timestamp=1610237624359&other_urls=https%3A%2F%2Fregistry.npm.taobao.org%2Furi-js%2Fdownload%2Furi-js-4.4.1.tgz#9b1a52595225859e55f669d928f88c6c57f2a77e"
  integrity sha1-mxpSWVIlhZ5V9mnZKPiMbFfyp34=
  dependencies:
    punycode "^2.1.0"

util-deprecate@~1.0.1:
  version "1.0.2"
  resolved "https://registry.npm.taobao.org/util-deprecate/download/util-deprecate-1.0.2.tgz#450d4dc9fa70de732762fbd2d4a28981419a0ccf"
  integrity sha1-RQ1Nyfpw3nMnYvvS1KKJgUGaDM8=

uuid@^3.3.2:
  version "3.4.0"
  resolved "https://registry.npm.taobao.org/uuid/download/uuid-3.4.0.tgz#b23e4358afa8a202fe7a100af1f5f883f02007ee"
  integrity sha1-sj5DWK+oogL+ehAK8fX4g/AgB+4=

verror@1.10.0:
  version "1.10.0"
  resolved "https://registry.npm.taobao.org/verror/download/verror-1.10.0.tgz#3a105ca17053af55d6e270c1f8288682e18da400"
  integrity sha1-OhBcoXBTr1XW4nDB+CiGguGNpAA=
  dependencies:
    assert-plus "^1.0.0"
    core-util-is "1.0.2"
    extsprintf "^1.2.0"

which@2.0.2:
  version "2.0.2"
  resolved "https://registry.npm.taobao.org/which/download/which-2.0.2.tgz#7c6a8dd0a636a0327e10b59c9286eee93f3f51b1"
  integrity sha1-fGqN0KY2oDJ+ELWckobu6T8/UbE=
  dependencies:
    isexe "^2.0.0"

wide-align@1.1.3:
  version "1.1.3"
  resolved "https://registry.npm.taobao.org/wide-align/download/wide-align-1.1.3.tgz#ae074e6bdc0c14a431e804e624549c633b000457"
  integrity sha1-rgdOa9wMFKQx6ATmJFScYzsABFc=
  dependencies:
    string-width "^1.0.2 || 2"

workerpool@6.1.0:
  version "6.1.0"
  resolved "https://registry.npm.taobao.org/workerpool/download/workerpool-6.1.0.tgz#a8e038b4c94569596852de7a8ea4228eefdeb37b"
  integrity sha1-qOA4tMlFaVloUt56jqQiju/es3s=

wrap-ansi@^7.0.0:
  version "7.0.0"
  resolved "https://registry.npm.taobao.org/wrap-ansi/download/wrap-ansi-7.0.0.tgz#67e145cff510a6a6984bdf1152911d69d2eb9e43"
  integrity sha1-Z+FFz/UQpqaYS98RUpEdadLrnkM=
  dependencies:
    ansi-styles "^4.0.0"
    string-width "^4.1.0"
    strip-ansi "^6.0.0"

wrappy@1:
  version "1.0.2"
  resolved "https://registry.npm.taobao.org/wrappy/download/wrappy-1.0.2.tgz#b5243d8f3ec1aa35f1364605bc0d1036e30ab69f"
  integrity sha1-tSQ9jz7BqjXxNkYFvA0QNuMKtp8=

xml-formatter@^2.4.0:
  version "2.4.0"
  resolved "https://registry.npm.taobao.org/xml-formatter/download/xml-formatter-2.4.0.tgz#c956ea6c5345240c0829da86a5e81d44ed4cb9c7"
  integrity sha1-yVbqbFNFJAwIKdqGpegdRO1Mucc=
  dependencies:
    xml-parser-xo "^3.1.1"

xml-js@^1.6.11:
  version "1.6.11"
  resolved "https://registry.npm.taobao.org/xml-js/download/xml-js-1.6.11.tgz#927d2f6947f7f1c19a316dd8eea3614e8b18f8e9"
  integrity sha1-kn0vaUf38cGaMW3Y7qNhTosY+Ok=
  dependencies:
    sax "^1.2.4"

xml-parser-xo@^3.1.1:
  version "3.1.1"
  resolved "https://registry.npm.taobao.org/xml-parser-xo/download/xml-parser-xo-3.1.1.tgz#a87d92e44fa8ad3ba7242517df96e6b0893f1f47"
  integrity sha1-qH2S5E+orTunJCUX35bmsIk/H0c=

y18n@^5.0.5:
  version "5.0.5"
  resolved "https://registry.npm.taobao.org/y18n/download/y18n-5.0.5.tgz#8769ec08d03b1ea2df2500acef561743bbb9ab18"
  integrity sha1-h2nsCNA7HqLfJQCs71YXQ7u5qxg=

yargs-parser@20.2.4:
  version "20.2.4"
  resolved "https://registry.npm.taobao.org/yargs-parser/download/yargs-parser-20.2.4.tgz?cache=0&sync_timestamp=1615405418295&other_urls=https%3A%2F%2Fregistry.npm.taobao.org%2Fyargs-parser%2Fdownload%2Fyargs-parser-20.2.4.tgz#b42890f14566796f85ae8e3a25290d205f154a54"
  integrity sha1-tCiQ8UVmeW+Fro46JSkNIF8VSlQ=

yargs-parser@^20.2.2:
  version "20.2.7"
  resolved "https://registry.npm.taobao.org/yargs-parser/download/yargs-parser-20.2.7.tgz?cache=0&sync_timestamp=1615405418295&other_urls=https%3A%2F%2Fregistry.npm.taobao.org%2Fyargs-parser%2Fdownload%2Fyargs-parser-20.2.7.tgz#61df85c113edfb5a7a4e36eb8aa60ef423cbc90a"
  integrity sha1-Yd+FwRPt+1p6TjbriqYO9CPLyQo=

yargs-unparser@2.0.0:
  version "2.0.0"
  resolved "https://registry.npm.taobao.org/yargs-unparser/download/yargs-unparser-2.0.0.tgz#f131f9226911ae5d9ad38c432fe809366c2325eb"
  integrity sha1-8TH5ImkRrl2a04xDL+gJNmwjJes=
  dependencies:
    camelcase "^6.0.0"
    decamelize "^4.0.0"
    flat "^5.0.2"
    is-plain-obj "^2.1.0"

yargs@16.2.0:
  version "16.2.0"
  resolved "https://registry.npm.taobao.org/yargs/download/yargs-16.2.0.tgz?cache=0&sync_timestamp=1616790495164&other_urls=https%3A%2F%2Fregistry.npm.taobao.org%2Fyargs%2Fdownload%2Fyargs-16.2.0.tgz#1c82bf0f6b6a66eafce7ef30e376f49a12477f66"
  integrity sha1-HIK/D2tqZur85+8w43b0mhJHf2Y=
  dependencies:
    cliui "^7.0.2"
    escalade "^3.1.1"
    get-caller-file "^2.0.5"
    require-directory "^2.1.1"
    string-width "^4.2.0"
    y18n "^5.0.5"
    yargs-parser "^20.2.2"

yocto-queue@^0.1.0:
  version "0.1.0"
  resolved "https://registry.npm.taobao.org/yocto-queue/download/yocto-queue-0.1.0.tgz#0294eb3dee05028d31ee1a5fa2c556a6aaf10a1b"
  integrity sha1-ApTrPe4FAo0x7hpfosVWpqrxChs=
